
Microsoft Visual Studio Solution File, Format Version 12.00
# Visual Studio 2013
VisualStudioVersion = 12.0.30501.0
MinimumVisualStudioVersion = 10.0.40219.1
Project("{FAE04EC0-301F-11D3-BF4B-00C04F79EFBC}") = "SrpClass", "SrpClass\SrpClass.csproj", "{FE79BF29-E73C-4093-804E-3470AE48F3B8}"
EndProject
Project("{FAE04EC0-301F-11D3-BF4B-00C04F79EFBC}") = "Playground", "Playground\Playground.csproj", "{298D0453-7165-494C-ABFA-5AA63CACAD38}"
EndProject
Global
	GlobalSection(SolutionConfigurationPlatforms) = preSolution
		Debug|Any CPU = Debug|Any CPU
		Release|Any CPU = Release|Any CPU
	EndGlobalSection
	GlobalSection(ProjectConfigurationPlatforms) = postSolution
		{FE79BF29-E73C-4093-804E-3470AE48F3B8}.Debug|Any CPU.ActiveCfg = Debug|Any CPU
		{FE79BF29-E73C-4093-804E-3470AE48F3B8}.Debug|Any CPU.Build.0 = Debug|Any CPU
		{FE79BF29-E73C-4093-804E-3470AE48F3B8}.Release|Any CPU.ActiveCfg = Release|Any CPU
		{FE79BF29-E73C-4093-804E-3470AE48F3B8}.Release|Any CPU.Build.0 = Release|Any CPU
		{298D0453-7165-494C-ABFA-5AA63CACAD38}.Debug|Any CPU.ActiveCfg = Debug|Any CPU
		{298D0453-7165-494C-ABFA-5AA63CACAD38}.Debug|Any CPU.Build.0 = Debug|Any CPU
		{298D0453-7165-494C-ABFA-5AA63CACAD38}.Release|Any CPU.ActiveCfg = Release|Any CPU
		{298D0453-7165-494C-ABFA-5AA63CACAD38}.Release|Any CPU.Build.0 = Release|Any CPU
	EndGlobalSection
	GlobalSection(SolutionProperties) = preSolution
		HideSolutionNode = FALSE
	EndGlobalSection
EndGlobal
